
Microsoft Visual Studio Solution File, Format Version 12.00
# Visual Studio Version 16
VisualStudioVersion = 16.0.29709.97
MinimumVisualStudioVersion = 10.0.40219.1
Project("{2150E333-8FDC-42A3-9474-1A3956D46DE8}") = "Common", "Common", "{14004070-24B3-4D99-ABDC-D631638CDC18}"
EndProject
Project("{9A19103F-16F7-4668-BE54-9A1E7A4F7556}") = "GitRate.Common", "GitRate.Common\GitRate.Common.csproj", "{44579F4E-610E-4D61-9C3D-000F3FEA8F0C}"
EndProject
Project("{2150E333-8FDC-42A3-9474-1A3956D46DE8}") = "Auth", "Auth", "{189131C5-CC7C-443F-BA15-CA1ACA8D17D6}"
EndProject
Project("{2150E333-8FDC-42A3-9474-1A3956D46DE8}") = "Web", "Web", "{42E84491-D876-4D28-8FDA-0FD8FCB8F964}"
EndProject
Project("{FAE04EC0-301F-11D3-BF4B-00C04F79EFBC}") = "GitRate.Auth.Web", "GitRate.Auth.Web\GitRate.Auth.Web.csproj", "{8CB7CC25-53E2-4A56-BA2D-40989A684A9A}"
EndProject
Project("{2150E333-8FDC-42A3-9474-1A3956D46DE8}") = "DAL", "DAL", "{B85DD248-9319-4020-BD2D-55DDB3538CFC}"
EndProject
Project("{FAE04EC0-301F-11D3-BF4B-00C04F79EFBC}") = "GitRate.Auth.Domain", "GitRate.Auth.Domain\GitRate.Auth.Domain.csproj", "{45576627-4104-43D3-BC10-34806CED70A0}"
EndProject
Project("{FAE04EC0-301F-11D3-BF4B-00C04F79EFBC}") = "GitRate.Auth.Persistence", "GitRate.Auth.Persistence\GitRate.Auth.Persistence.csproj", "{514995DE-6F95-424F-A7FB-416662FA1D78}"
EndProject
Project("{FAE04EC0-301F-11D3-BF4B-00C04F79EFBC}") = "GitRate.Auth.Application", "GitRate.Auth.Application\GitRate.Auth.Application.csproj", "{49CC306B-D732-4A53-8BDF-390DEDEB7323}"
EndProject
Project("{FAE04EC0-301F-11D3-BF4B-00C04F79EFBC}") = "GitRate.Web.Common", "GitRate.Web.Common\GitRate.Web.Common.csproj", "{8A236BBE-B3B5-4531-8397-2692C489E3FD}"
EndProject
Project("{2150E333-8FDC-42A3-9474-1A3956D46DE8}") = "Tests", "Tests", "{266AC3AB-0046-4D45-A7EA-748A9BD5AC96}"
EndProject
Project("{FAE04EC0-301F-11D3-BF4B-00C04F79EFBC}") = "GitRate.Auth.UnitTests", "GitRate.Auth.UnitTests\GitRate.Auth.UnitTests.csproj", "{3C7177AC-738D-4F3B-BACE-B90BEE6F3F29}"
EndProject
Project("{FAE04EC0-301F-11D3-BF4B-00C04F79EFBC}") = "GitRate.Common.UnitTests", "GitRate.Common.UnitTests\GitRate.Common.UnitTests.csproj", "{63782636-5660-4159-AE8A-365965FE8E47}"
EndProject
Project("{FAE04EC0-301F-11D3-BF4B-00C04F79EFBC}") = "GitRate.Auth.IntegrationTests", "GitRate.Auth.IntegrationTests\GitRate.Auth.IntegrationTests.csproj", "{E09FE9E2-7269-4A71-9ABE-68ADAE6D530F}"
EndProject
Project("{2150E333-8FDC-42A3-9474-1A3956D46DE8}") = "GitRate", "GitRate", "{F061D060-253D-4A92-B055-CCE9FDDF92B5}"
EndProject
Project("{2150E333-8FDC-42A3-9474-1A3956D46DE8}") = "Web", "Web", "{1A6435A4-D5F0-40B3-9FC5-3C1B49F2DD08}"
EndProject
Project("{FAE04EC0-301F-11D3-BF4B-00C04F79EFBC}") = "GitRate.Web.Api", "GitRate.Web.Api\GitRate.Web.Api.csproj", "{AB50B6EB-19E5-474B-A3DA-E453F47D5BFE}"
EndProject
Global
	GlobalSection(SolutionConfigurationPlatforms) = preSolution
		Debug|Any CPU = Debug|Any CPU
		Release|Any CPU = Release|Any CPU
	EndGlobalSection
	GlobalSection(ProjectConfigurationPlatforms) = postSolution
		{44579F4E-610E-4D61-9C3D-000F3FEA8F0C}.Debug|Any CPU.ActiveCfg = Debug|Any CPU
		{44579F4E-610E-4D61-9C3D-000F3FEA8F0C}.Debug|Any CPU.Build.0 = Debug|Any CPU
		{44579F4E-610E-4D61-9C3D-000F3FEA8F0C}.Release|Any CPU.ActiveCfg = Release|Any CPU
		{44579F4E-610E-4D61-9C3D-000F3FEA8F0C}.Release|Any CPU.Build.0 = Release|Any CPU
		{8CB7CC25-53E2-4A56-BA2D-40989A684A9A}.Debug|Any CPU.ActiveCfg = Debug|Any CPU
		{8CB7CC25-53E2-4A56-BA2D-40989A684A9A}.Debug|Any CPU.Build.0 = Debug|Any CPU
		{8CB7CC25-53E2-4A56-BA2D-40989A684A9A}.Release|Any CPU.ActiveCfg = Release|Any CPU
		{8CB7CC25-53E2-4A56-BA2D-40989A684A9A}.Release|Any CPU.Build.0 = Release|Any CPU
		{45576627-4104-43D3-BC10-34806CED70A0}.Debug|Any CPU.ActiveCfg = Debug|Any CPU
		{45576627-4104-43D3-BC10-34806CED70A0}.Debug|Any CPU.Build.0 = Debug|Any CPU
		{45576627-4104-43D3-BC10-34806CED70A0}.Release|Any CPU.ActiveCfg = Release|Any CPU
		{45576627-4104-43D3-BC10-34806CED70A0}.Release|Any CPU.Build.0 = Release|Any CPU
		{514995DE-6F95-424F-A7FB-416662FA1D78}.Debug|Any CPU.ActiveCfg = Debug|Any CPU
		{514995DE-6F95-424F-A7FB-416662FA1D78}.Debug|Any CPU.Build.0 = Debug|Any CPU
		{514995DE-6F95-424F-A7FB-416662FA1D78}.Release|Any CPU.ActiveCfg = Release|Any CPU
		{514995DE-6F95-424F-A7FB-416662FA1D78}.Release|Any CPU.Build.0 = Release|Any CPU
		{49CC306B-D732-4A53-8BDF-390DEDEB7323}.Debug|Any CPU.ActiveCfg = Debug|Any CPU
		{49CC306B-D732-4A53-8BDF-390DEDEB7323}.Debug|Any CPU.Build.0 = Debug|Any CPU
		{49CC306B-D732-4A53-8BDF-390DEDEB7323}.Release|Any CPU.ActiveCfg = Release|Any CPU
		{49CC306B-D732-4A53-8BDF-390DEDEB7323}.Release|Any CPU.Build.0 = Release|Any CPU
		{8A236BBE-B3B5-4531-8397-2692C489E3FD}.Debug|Any CPU.ActiveCfg = Debug|Any CPU
		{8A236BBE-B3B5-4531-8397-2692C489E3FD}.Debug|Any CPU.Build.0 = Debug|Any CPU
		{8A236BBE-B3B5-4531-8397-2692C489E3FD}.Release|Any CPU.ActiveCfg = Release|Any CPU
		{8A236BBE-B3B5-4531-8397-2692C489E3FD}.Release|Any CPU.Build.0 = Release|Any CPU
		{3C7177AC-738D-4F3B-BACE-B90BEE6F3F29}.Debug|Any CPU.ActiveCfg = Debug|Any CPU
		{3C7177AC-738D-4F3B-BACE-B90BEE6F3F29}.Debug|Any CPU.Build.0 = Debug|Any CPU
		{3C7177AC-738D-4F3B-BACE-B90BEE6F3F29}.Release|Any CPU.ActiveCfg = Release|Any CPU
		{3C7177AC-738D-4F3B-BACE-B90BEE6F3F29}.Release|Any CPU.Build.0 = Release|Any CPU
		{63782636-5660-4159-AE8A-365965FE8E47}.Debug|Any CPU.ActiveCfg = Debug|Any CPU
		{63782636-5660-4159-AE8A-365965FE8E47}.Debug|Any CPU.Build.0 = Debug|Any CPU
		{63782636-5660-4159-AE8A-365965FE8E47}.Release|Any CPU.ActiveCfg = Release|Any CPU
		{63782636-5660-4159-AE8A-365965FE8E47}.Release|Any CPU.Build.0 = Release|Any CPU
		{E09FE9E2-7269-4A71-9ABE-68ADAE6D530F}.Debug|Any CPU.ActiveCfg = Debug|Any CPU
		{E09FE9E2-7269-4A71-9ABE-68ADAE6D530F}.Debug|Any CPU.Build.0 = Debug|Any CPU
		{E09FE9E2-7269-4A71-9ABE-68ADAE6D530F}.Release|Any CPU.ActiveCfg = Release|Any CPU
		{E09FE9E2-7269-4A71-9ABE-68ADAE6D530F}.Release|Any CPU.Build.0 = Release|Any CPU
		{AB50B6EB-19E5-474B-A3DA-E453F47D5BFE}.Debug|Any CPU.ActiveCfg = Debug|Any CPU
		{AB50B6EB-19E5-474B-A3DA-E453F47D5BFE}.Debug|Any CPU.Build.0 = Debug|Any CPU
		{AB50B6EB-19E5-474B-A3DA-E453F47D5BFE}.Release|Any CPU.ActiveCfg = Release|Any CPU
		{AB50B6EB-19E5-474B-A3DA-E453F47D5BFE}.Release|Any CPU.Build.0 = Release|Any CPU
	EndGlobalSection
	GlobalSection(SolutionProperties) = preSolution
		HideSolutionNode = FALSE
	EndGlobalSection
	GlobalSection(NestedProjects) = preSolution
		{44579F4E-610E-4D61-9C3D-000F3FEA8F0C} = {14004070-24B3-4D99-ABDC-D631638CDC18}
		{42E84491-D876-4D28-8FDA-0FD8FCB8F964} = {189131C5-CC7C-443F-BA15-CA1ACA8D17D6}
		{8CB7CC25-53E2-4A56-BA2D-40989A684A9A} = {42E84491-D876-4D28-8FDA-0FD8FCB8F964}
		{B85DD248-9319-4020-BD2D-55DDB3538CFC} = {189131C5-CC7C-443F-BA15-CA1ACA8D17D6}
		{45576627-4104-43D3-BC10-34806CED70A0} = {B85DD248-9319-4020-BD2D-55DDB3538CFC}
		{514995DE-6F95-424F-A7FB-416662FA1D78} = {B85DD248-9319-4020-BD2D-55DDB3538CFC}
		{49CC306B-D732-4A53-8BDF-390DEDEB7323} = {189131C5-CC7C-443F-BA15-CA1ACA8D17D6}
		{8A236BBE-B3B5-4531-8397-2692C489E3FD} = {14004070-24B3-4D99-ABDC-D631638CDC18}
		{266AC3AB-0046-4D45-A7EA-748A9BD5AC96} = {189131C5-CC7C-443F-BA15-CA1ACA8D17D6}
		{3C7177AC-738D-4F3B-BACE-B90BEE6F3F29} = {266AC3AB-0046-4D45-A7EA-748A9BD5AC96}
		{63782636-5660-4159-AE8A-365965FE8E47} = {14004070-24B3-4D99-ABDC-D631638CDC18}
		{E09FE9E2-7269-4A71-9ABE-68ADAE6D530F} = {266AC3AB-0046-4D45-A7EA-748A9BD5AC96}
		{1A6435A4-D5F0-40B3-9FC5-3C1B49F2DD08} = {F061D060-253D-4A92-B055-CCE9FDDF92B5}
		{AB50B6EB-19E5-474B-A3DA-E453F47D5BFE} = {1A6435A4-D5F0-40B3-9FC5-3C1B49F2DD08}
	EndGlobalSection
	GlobalSection(ExtensibilityGlobals) = postSolution
		SolutionGuid = {AC2E28E2-0FBC-4526-B2EE-E6318FC06331}
	EndGlobalSection
EndGlobal
