
Microsoft Visual Studio Solution File, Format Version 12.00
# Visual Studio Version 16
VisualStudioVersion = 16.0.29709.97
MinimumVisualStudioVersion = 10.0.40219.1
Project("{2150E333-8FDC-42A3-9474-1A3956D46DE8}") = "Web", "Web", "{9742EAF4-7AF1-4C93-A20E-D64FBCE251E3}"
EndProject
Project("{9A19103F-16F7-4668-BE54-9A1E7A4F7556}") = "GitRate.Web.Auth", "GitRate.Web.Auth\GitRate.Web.Auth.csproj", "{F7728910-3998-4DF9-B12E-0F5CF8DE197F}"
EndProject
Project("{2150E333-8FDC-42A3-9474-1A3956D46DE8}") = "Core", "Core", "{14004070-24B3-4D99-ABDC-D631638CDC18}"
EndProject
Project("{9A19103F-16F7-4668-BE54-9A1E7A4F7556}") = "GitRate.Common", "GitRate.Common\GitRate.Common.csproj", "{44579F4E-610E-4D61-9C3D-000F3FEA8F0C}"
EndProject
Project("{2150E333-8FDC-42A3-9474-1A3956D46DE8}") = "DAL", "DAL", "{D99928F3-7CA4-4142-86BD-67CAD1CF8A51}"
EndProject
Project("{FAE04EC0-301F-11D3-BF4B-00C04F79EFBC}") = "GitRate.Persistence", "GitRate.Persistence\GitRate.Persistence.csproj", "{3D50B0BC-6155-4045-893D-5488A873B83B}"
EndProject
Project("{FAE04EC0-301F-11D3-BF4B-00C04F79EFBC}") = "GitRate.Domain", "GitRate.Domain\GitRate.Domain.csproj", "{AD74AE68-3168-45C2-A9DF-1E8D078F384D}"
EndProject
Global
	GlobalSection(SolutionConfigurationPlatforms) = preSolution
		Debug|Any CPU = Debug|Any CPU
		Release|Any CPU = Release|Any CPU
	EndGlobalSection
	GlobalSection(ProjectConfigurationPlatforms) = postSolution
		{F7728910-3998-4DF9-B12E-0F5CF8DE197F}.Debug|Any CPU.ActiveCfg = Debug|Any CPU
		{F7728910-3998-4DF9-B12E-0F5CF8DE197F}.Debug|Any CPU.Build.0 = Debug|Any CPU
		{F7728910-3998-4DF9-B12E-0F5CF8DE197F}.Release|Any CPU.ActiveCfg = Release|Any CPU
		{F7728910-3998-4DF9-B12E-0F5CF8DE197F}.Release|Any CPU.Build.0 = Release|Any CPU
		{44579F4E-610E-4D61-9C3D-000F3FEA8F0C}.Debug|Any CPU.ActiveCfg = Debug|Any CPU
		{44579F4E-610E-4D61-9C3D-000F3FEA8F0C}.Debug|Any CPU.Build.0 = Debug|Any CPU
		{44579F4E-610E-4D61-9C3D-000F3FEA8F0C}.Release|Any CPU.ActiveCfg = Release|Any CPU
		{44579F4E-610E-4D61-9C3D-000F3FEA8F0C}.Release|Any CPU.Build.0 = Release|Any CPU
		{3D50B0BC-6155-4045-893D-5488A873B83B}.Debug|Any CPU.ActiveCfg = Debug|Any CPU
		{3D50B0BC-6155-4045-893D-5488A873B83B}.Debug|Any CPU.Build.0 = Debug|Any CPU
		{3D50B0BC-6155-4045-893D-5488A873B83B}.Release|Any CPU.ActiveCfg = Release|Any CPU
		{3D50B0BC-6155-4045-893D-5488A873B83B}.Release|Any CPU.Build.0 = Release|Any CPU
		{AD74AE68-3168-45C2-A9DF-1E8D078F384D}.Debug|Any CPU.ActiveCfg = Debug|Any CPU
		{AD74AE68-3168-45C2-A9DF-1E8D078F384D}.Debug|Any CPU.Build.0 = Debug|Any CPU
		{AD74AE68-3168-45C2-A9DF-1E8D078F384D}.Release|Any CPU.ActiveCfg = Release|Any CPU
		{AD74AE68-3168-45C2-A9DF-1E8D078F384D}.Release|Any CPU.Build.0 = Release|Any CPU
	EndGlobalSection
	GlobalSection(SolutionProperties) = preSolution
		HideSolutionNode = FALSE
	EndGlobalSection
	GlobalSection(NestedProjects) = preSolution
		{F7728910-3998-4DF9-B12E-0F5CF8DE197F} = {9742EAF4-7AF1-4C93-A20E-D64FBCE251E3}
		{44579F4E-610E-4D61-9C3D-000F3FEA8F0C} = {14004070-24B3-4D99-ABDC-D631638CDC18}
		{3D50B0BC-6155-4045-893D-5488A873B83B} = {D99928F3-7CA4-4142-86BD-67CAD1CF8A51}
		{AD74AE68-3168-45C2-A9DF-1E8D078F384D} = {D99928F3-7CA4-4142-86BD-67CAD1CF8A51}
	EndGlobalSection
	GlobalSection(ExtensibilityGlobals) = postSolution
		SolutionGuid = {AC2E28E2-0FBC-4526-B2EE-E6318FC06331}
	EndGlobalSection
EndGlobal
